{
  "version": "5",
  "remote": {
    "https://edge.netlify.com/": "fd941d61d88673d5f28aab283fb86fcc50f08a3bc80ee5470498fcfa88c65cfb",
    "https://edge.netlify.com/bootstrap/config.ts": "6a2ce0e544e15e8f8883a5c18da5948e37fd0f2619f68cb31f3af53c51817025",
    "https://edge.netlify.com/bootstrap/context.ts": "e97240232121e2f369f6546ce961490f34d961ea1ea54be3ff09633e3f08373f",
    "https://edge.netlify.com/bootstrap/cookie.ts": "8b0baae708989ca183c6f3b4ab3d029e6abcbc2e43f93edeb0ff447b3bbc3a05",
    "https://edge.netlify.com/bootstrap/edge_function.ts": "b8253e86aa83c67341f5cfedeba5049d77fbf84dcab7eceff7566b7728ae9b39",
    "https://edge.netlify.com/bootstrap/globals/types.ts": "eaa6148ded3121d8dee62dd91c86e7fe76601df0f3ca8d7962243a30f4c8935f"
  },
  "workspace": {
    "packageJson": {
      "dependencies": [
        "npm:@prismicio/client@^7.17.1",
        "npm:@prismicio/helpers@^2.3.9",
        "npm:@prismicio/svelte@^1.5.0",
        "npm:@slicemachine/adapter-next@~0.3.91",
        "npm:@slicemachine/adapter-sveltekit@~0.3.91",
        "npm:@sveltejs/adapter-auto@^3.2.2",
        "npm:@sveltejs/kit@^2.5.15",
        "npm:@sveltejs/vite-plugin-svelte@^3.1.1",
        "npm:@types/eslint@^8.56.10",
        "npm:autoprefixer@^10.4.19",
        "npm:clsx@^2.1.1",
        "npm:concurrently@^8.2.2",
        "npm:eslint-config-prettier@^9.1.0",
        "npm:eslint-plugin-svelte@^2.39.3",
        "npm:eslint@^9.5.0",
        "npm:globals@^15.4.0",
        "npm:postcss@^8.4.38",
        "npm:prettier-plugin-svelte@^3.2.4",
        "npm:prettier@^3.3.2",
        "npm:slice-machine-ui@^2.20.4",
        "npm:svelte-check@^3.8.0",
        "npm:svelte@^4.2.18",
        "npm:tailwindcss@^3.4.4",
        "npm:tslib@^2.6.3",
        "npm:typescript-eslint@^8.0.0-alpha.20",
        "npm:typescript-svelte-plugin@~0.3.38",
        "npm:typescript@^5.4.5",
        "npm:vite@^5.3.1"
      ]
    }
  }
}
